
Microsoft Visual Studio Solution File, Format Version 12.00
# Visual Studio Version 17
VisualStudioVersion = 17.9.34607.119
MinimumVisualStudioVersion = 10.0.40219.1
Project("{FAE04EC0-301F-11D3-BF4B-00C04F79EFBC}") = "GenieWeb", "GenieWeb.csproj", "{464CE803-AB86-43B7-B0CE-B76066B56B39}"
EndProject
Global
	GlobalSection(SolutionConfigurationPlatforms) = preSolution
		Debug|Any CPU = Debug|Any CPU
		Release|Any CPU = Release|Any CPU
	EndGlobalSection
	GlobalSection(ProjectConfigurationPlatforms) = postSolution
		{464CE803-AB86-43B7-B0CE-B76066B56B39}.Debug|Any CPU.ActiveCfg = Debug|Any CPU
		{464CE803-AB86-43B7-B0CE-B76066B56B39}.Debug|Any CPU.Build.0 = Debug|Any CPU
		{464CE803-AB86-43B7-B0CE-B76066B56B39}.Release|Any CPU.ActiveCfg = Release|Any CPU
		{464CE803-AB86-43B7-B0CE-B76066B56B39}.Release|Any CPU.Build.0 = Release|Any CPU
	EndGlobalSection
	GlobalSection(SolutionProperties) = preSolution
		HideSolutionNode = FALSE
	EndGlobalSection
	GlobalSection(ExtensibilityGlobals) = postSolution
		SolutionGuid = {4CE88C9B-5876-4F5E-9D5D-E48F9A6BA62F}
	EndGlobalSection
EndGlobal
